{
  "name": "Healthcure(1)",
  "lockfileVersion": 2,
  "requires": true,
  "packages": {
    "": {
      "dependencies": {
        "imutils": "^1.0.2"
      }
    },
    "node_modules/imutils": {
      "version": "1.0.2",
      "resolved": "https://registry.npmjs.org/imutils/-/imutils-1.0.2.tgz",
      "integrity": "sha512-v52nDJpSbzamaqMPAuz6lhik+HdcSxwofO1xWUFUw9iy2IwZod7kSbNGMIqtjJJM5342OXdhjzYp/sAF7mc3EQ==",
      "dependencies": {
        "shortid": "^2.2.8"
      }
    },
    "node_modules/nanoid": {
      "version": "2.1.11",
      "resolved": "https://registry.npmjs.org/nanoid/-/nanoid-2.1.11.tgz",
      "integrity": "sha512-s/snB+WGm6uwi0WjsZdaVcuf3KJXlfGl2LcxgwkEwJF0D/BWzVWAZW/XY4bFaiR7s0Jk3FPvlnepg1H1b1UwlA=="
    },
    "node_modules/shortid": {
      "version": "2.2.16",
      "resolved": "https://registry.npmjs.org/shortid/-/shortid-2.2.16.tgz",
      "integrity": "sha512-Ugt+GIZqvGXCIItnsL+lvFJOiN7RYqlGy7QE41O3YC1xbNSeDGIRO7xg2JJXIAj1cAGnOeC1r7/T9pgrtQbv4g==",
      "dependencies": {
        "nanoid": "^2.1.0"
      }
    }
  },
  "dependencies": {
    "imutils": {
      "version": "1.0.2",
      "resolved": "https://registry.npmjs.org/imutils/-/imutils-1.0.2.tgz",
      "integrity": "sha512-v52nDJpSbzamaqMPAuz6lhik+HdcSxwofO1xWUFUw9iy2IwZod7kSbNGMIqtjJJM5342OXdhjzYp/sAF7mc3EQ==",
      "requires": {
        "shortid": "^2.2.8"
      }
    },
    "nanoid": {
      "version": "2.1.11",
      "resolved": "https://registry.npmjs.org/nanoid/-/nanoid-2.1.11.tgz",
      "integrity": "sha512-s/snB+WGm6uwi0WjsZdaVcuf3KJXlfGl2LcxgwkEwJF0D/BWzVWAZW/XY4bFaiR7s0Jk3FPvlnepg1H1b1UwlA=="
    },
    "shortid": {
      "version": "2.2.16",
      "resolved": "https://registry.npmjs.org/shortid/-/shortid-2.2.16.tgz",
      "integrity": "sha512-Ugt+GIZqvGXCIItnsL+lvFJOiN7RYqlGy7QE41O3YC1xbNSeDGIRO7xg2JJXIAj1cAGnOeC1r7/T9pgrtQbv4g==",
      "requires": {
        "nanoid": "^2.1.0"
      }
    }
  }
}
